
Microsoft Visual Studio Solution File, Format Version 12.00
# Visual Studio 15
VisualStudioVersion = 15.0.28307.852
MinimumVisualStudioVersion = 10.0.40219.1
Project("{FAE04EC0-301F-11D3-BF4B-00C04F79EFBC}") = "PachaSystemERP", "PachaSystemERP\PachaSystemERP.csproj", "{46FBE84B-5463-46AC-9F7D-82D162B68952}"
EndProject
Project("{FAE04EC0-301F-11D3-BF4B-00C04F79EFBC}") = "PachaSystem.Data", "PachaSystem.Data\PachaSystem.Data.csproj", "{BD0CC208-0A5B-46E5-8A22-B583E786FB41}"
EndProject
Project("{FAE04EC0-301F-11D3-BF4B-00C04F79EFBC}") = "PachaSystem.Wsaa", "PachaSystem.Wsaa\PachaSystem.Wsaa.csproj", "{ED4CD5C4-F39E-45E6-926B-BA924419582F}"
EndProject
Project("{FAE04EC0-301F-11D3-BF4B-00C04F79EFBC}") = "PachaSystem.Wsfe", "PachaSystem.Wsfe\PachaSystem.Wsfe.csproj", "{FDE93B7F-AE6F-4C18-B112-8F2AE052E9A5}"
EndProject
Global
	GlobalSection(SolutionConfigurationPlatforms) = preSolution
		Debug|Any CPU = Debug|Any CPU
		Release|Any CPU = Release|Any CPU
	EndGlobalSection
	GlobalSection(ProjectConfigurationPlatforms) = postSolution
		{46FBE84B-5463-46AC-9F7D-82D162B68952}.Debug|Any CPU.ActiveCfg = Debug|Any CPU
		{46FBE84B-5463-46AC-9F7D-82D162B68952}.Debug|Any CPU.Build.0 = Debug|Any CPU
		{46FBE84B-5463-46AC-9F7D-82D162B68952}.Release|Any CPU.ActiveCfg = Release|Any CPU
		{46FBE84B-5463-46AC-9F7D-82D162B68952}.Release|Any CPU.Build.0 = Release|Any CPU
		{BD0CC208-0A5B-46E5-8A22-B583E786FB41}.Debug|Any CPU.ActiveCfg = Debug|Any CPU
		{BD0CC208-0A5B-46E5-8A22-B583E786FB41}.Debug|Any CPU.Build.0 = Debug|Any CPU
		{BD0CC208-0A5B-46E5-8A22-B583E786FB41}.Release|Any CPU.ActiveCfg = Release|Any CPU
		{BD0CC208-0A5B-46E5-8A22-B583E786FB41}.Release|Any CPU.Build.0 = Release|Any CPU
		{ED4CD5C4-F39E-45E6-926B-BA924419582F}.Debug|Any CPU.ActiveCfg = Debug|Any CPU
		{ED4CD5C4-F39E-45E6-926B-BA924419582F}.Debug|Any CPU.Build.0 = Debug|Any CPU
		{ED4CD5C4-F39E-45E6-926B-BA924419582F}.Release|Any CPU.ActiveCfg = Release|Any CPU
		{ED4CD5C4-F39E-45E6-926B-BA924419582F}.Release|Any CPU.Build.0 = Release|Any CPU
		{FDE93B7F-AE6F-4C18-B112-8F2AE052E9A5}.Debug|Any CPU.ActiveCfg = Debug|Any CPU
		{FDE93B7F-AE6F-4C18-B112-8F2AE052E9A5}.Debug|Any CPU.Build.0 = Debug|Any CPU
		{FDE93B7F-AE6F-4C18-B112-8F2AE052E9A5}.Release|Any CPU.ActiveCfg = Release|Any CPU
		{FDE93B7F-AE6F-4C18-B112-8F2AE052E9A5}.Release|Any CPU.Build.0 = Release|Any CPU
	EndGlobalSection
	GlobalSection(SolutionProperties) = preSolution
		HideSolutionNode = FALSE
	EndGlobalSection
	GlobalSection(ExtensibilityGlobals) = postSolution
		SolutionGuid = {0A9F84C0-773D-43AA-995C-C1FD3E067AF4}
	EndGlobalSection
EndGlobal
